
Microsoft Visual Studio Solution File, Format Version 12.00
# Visual Studio Version 16
VisualStudioVersion = 16.0.30225.117
MinimumVisualStudioVersion = 10.0.40219.1
Project("{FAE04EC0-301F-11D3-BF4B-00C04F79EFBC}") = "Notes.Android", "Notes.Android\Notes.Android.csproj", "{4F4682A0-4342-445A-991E-864DA000866A}"
EndProject
Project("{FAE04EC0-301F-11D3-BF4B-00C04F79EFBC}") = "Notes.iOS", "Notes.iOS\Notes.iOS.csproj", "{76EE9D49-CB8D-4D2F-90CB-AA86E609CA25}"
EndProject
Project("{FAE04EC0-301F-11D3-BF4B-00C04F79EFBC}") = "Notes", "Notes\Notes.csproj", "{85457DF7-B9F2-40D5-9A69-7C1A0656143A}"
EndProject
Global
	GlobalSection(SolutionConfigurationPlatforms) = preSolution
		Debug|Any CPU = Debug|Any CPU
		Debug|iPhone = Debug|iPhone
		Debug|iPhoneSimulator = Debug|iPhoneSimulator
		Release|Any CPU = Release|Any CPU
		Release|iPhone = Release|iPhone
		Release|iPhoneSimulator = Release|iPhoneSimulator
	EndGlobalSection
	GlobalSection(ProjectConfigurationPlatforms) = postSolution
		{4F4682A0-4342-445A-991E-864DA000866A}.Debug|Any CPU.ActiveCfg = Debug|Any CPU
		{4F4682A0-4342-445A-991E-864DA000866A}.Debug|Any CPU.Build.0 = Debug|Any CPU
		{4F4682A0-4342-445A-991E-864DA000866A}.Debug|Any CPU.Deploy.0 = Debug|Any CPU
		{4F4682A0-4342-445A-991E-864DA000866A}.Debug|iPhone.ActiveCfg = Debug|Any CPU
		{4F4682A0-4342-445A-991E-864DA000866A}.Debug|iPhone.Build.0 = Debug|Any CPU
		{4F4682A0-4342-445A-991E-864DA000866A}.Debug|iPhone.Deploy.0 = Debug|Any CPU
		{4F4682A0-4342-445A-991E-864DA000866A}.Debug|iPhoneSimulator.ActiveCfg = Debug|Any CPU
		{4F4682A0-4342-445A-991E-864DA000866A}.Debug|iPhoneSimulator.Build.0 = Debug|Any CPU
		{4F4682A0-4342-445A-991E-864DA000866A}.Debug|iPhoneSimulator.Deploy.0 = Debug|Any CPU
		{4F4682A0-4342-445A-991E-864DA000866A}.Release|Any CPU.ActiveCfg = Release|Any CPU
		{4F4682A0-4342-445A-991E-864DA000866A}.Release|Any CPU.Build.0 = Release|Any CPU
		{4F4682A0-4342-445A-991E-864DA000866A}.Release|Any CPU.Deploy.0 = Release|Any CPU
		{4F4682A0-4342-445A-991E-864DA000866A}.Release|iPhone.ActiveCfg = Release|Any CPU
		{4F4682A0-4342-445A-991E-864DA000866A}.Release|iPhone.Build.0 = Release|Any CPU
		{4F4682A0-4342-445A-991E-864DA000866A}.Release|iPhone.Deploy.0 = Release|Any CPU
		{4F4682A0-4342-445A-991E-864DA000866A}.Release|iPhoneSimulator.ActiveCfg = Release|Any CPU
		{4F4682A0-4342-445A-991E-864DA000866A}.Release|iPhoneSimulator.Build.0 = Release|Any CPU
		{4F4682A0-4342-445A-991E-864DA000866A}.Release|iPhoneSimulator.Deploy.0 = Release|Any CPU
		{76EE9D49-CB8D-4D2F-90CB-AA86E609CA25}.Debug|Any CPU.ActiveCfg = Debug|iPhone
		{76EE9D49-CB8D-4D2F-90CB-AA86E609CA25}.Debug|Any CPU.Build.0 = Debug|iPhone
		{76EE9D49-CB8D-4D2F-90CB-AA86E609CA25}.Debug|Any CPU.Deploy.0 = Debug|iPhone
		{76EE9D49-CB8D-4D2F-90CB-AA86E609CA25}.Debug|iPhone.ActiveCfg = Debug|iPhone
		{76EE9D49-CB8D-4D2F-90CB-AA86E609CA25}.Debug|iPhone.Build.0 = Debug|iPhone
		{76EE9D49-CB8D-4D2F-90CB-AA86E609CA25}.Debug|iPhone.Deploy.0 = Debug|iPhone
		{76EE9D49-CB8D-4D2F-90CB-AA86E609CA25}.Debug|iPhoneSimulator.ActiveCfg = Debug|iPhoneSimulator
		{76EE9D49-CB8D-4D2F-90CB-AA86E609CA25}.Debug|iPhoneSimulator.Build.0 = Debug|iPhoneSimulator
		{76EE9D49-CB8D-4D2F-90CB-AA86E609CA25}.Debug|iPhoneSimulator.Deploy.0 = Debug|iPhoneSimulator
		{76EE9D49-CB8D-4D2F-90CB-AA86E609CA25}.Release|Any CPU.ActiveCfg = Release|iPhone
		{76EE9D49-CB8D-4D2F-90CB-AA86E609CA25}.Release|Any CPU.Build.0 = Release|iPhone
		{76EE9D49-CB8D-4D2F-90CB-AA86E609CA25}.Release|Any CPU.Deploy.0 = Release|iPhone
		{76EE9D49-CB8D-4D2F-90CB-AA86E609CA25}.Release|iPhone.ActiveCfg = Release|iPhone
		{76EE9D49-CB8D-4D2F-90CB-AA86E609CA25}.Release|iPhone.Build.0 = Release|iPhone
		{76EE9D49-CB8D-4D2F-90CB-AA86E609CA25}.Release|iPhone.Deploy.0 = Release|iPhone
		{76EE9D49-CB8D-4D2F-90CB-AA86E609CA25}.Release|iPhoneSimulator.ActiveCfg = Release|iPhoneSimulator
		{76EE9D49-CB8D-4D2F-90CB-AA86E609CA25}.Release|iPhoneSimulator.Build.0 = Release|iPhoneSimulator
		{76EE9D49-CB8D-4D2F-90CB-AA86E609CA25}.Release|iPhoneSimulator.Deploy.0 = Release|iPhoneSimulator
		{85457DF7-B9F2-40D5-9A69-7C1A0656143A}.Debug|Any CPU.ActiveCfg = Debug|Any CPU
		{85457DF7-B9F2-40D5-9A69-7C1A0656143A}.Debug|Any CPU.Build.0 = Debug|Any CPU
		{85457DF7-B9F2-40D5-9A69-7C1A0656143A}.Debug|Any CPU.Deploy.0 = Debug|Any CPU
		{85457DF7-B9F2-40D5-9A69-7C1A0656143A}.Debug|iPhone.ActiveCfg = Debug|Any CPU
		{85457DF7-B9F2-40D5-9A69-7C1A0656143A}.Debug|iPhone.Build.0 = Debug|Any CPU
		{85457DF7-B9F2-40D5-9A69-7C1A0656143A}.Debug|iPhone.Deploy.0 = Debug|Any CPU
		{85457DF7-B9F2-40D5-9A69-7C1A0656143A}.Debug|iPhoneSimulator.ActiveCfg = Debug|Any CPU
		{85457DF7-B9F2-40D5-9A69-7C1A0656143A}.Debug|iPhoneSimulator.Build.0 = Debug|Any CPU
		{85457DF7-B9F2-40D5-9A69-7C1A0656143A}.Debug|iPhoneSimulator.Deploy.0 = Debug|Any CPU
		{85457DF7-B9F2-40D5-9A69-7C1A0656143A}.Release|Any CPU.ActiveCfg = Release|Any CPU
		{85457DF7-B9F2-40D5-9A69-7C1A0656143A}.Release|Any CPU.Build.0 = Release|Any CPU
		{85457DF7-B9F2-40D5-9A69-7C1A0656143A}.Release|Any CPU.Deploy.0 = Release|Any CPU
		{85457DF7-B9F2-40D5-9A69-7C1A0656143A}.Release|iPhone.ActiveCfg = Release|Any CPU
		{85457DF7-B9F2-40D5-9A69-7C1A0656143A}.Release|iPhone.Build.0 = Release|Any CPU
		{85457DF7-B9F2-40D5-9A69-7C1A0656143A}.Release|iPhone.Deploy.0 = Release|Any CPU
		{85457DF7-B9F2-40D5-9A69-7C1A0656143A}.Release|iPhoneSimulator.ActiveCfg = Release|Any CPU
		{85457DF7-B9F2-40D5-9A69-7C1A0656143A}.Release|iPhoneSimulator.Build.0 = Release|Any CPU
		{85457DF7-B9F2-40D5-9A69-7C1A0656143A}.Release|iPhoneSimulator.Deploy.0 = Release|Any CPU
	EndGlobalSection
	GlobalSection(SolutionProperties) = preSolution
		HideSolutionNode = FALSE
	EndGlobalSection
	GlobalSection(ExtensibilityGlobals) = postSolution
		SolutionGuid = {F5904064-3DAE-4024-90DF-42064CF2B4CD}
	EndGlobalSection
EndGlobal
